<?xml version="1.0" encoding="utf-8"?>
<Project ToolsVersion="4.0" xmlns="http://schemas.microsoft.com/developer/msbuild/2003">
  <ItemGroup>
    <Filter Include="Source Files">
      <UniqueIdentifier>{4FC737F1-C7A5-4376-A066-2A32D752A2FF}</UniqueIdentifier>
      <Extensions>cpp;c;cc;cxx;c++;cppm;ixx;def;odl;idl;hpj;bat;asm;asmx</Extensions>
    </Filter>
    <Filter Include="Header Files">
      <UniqueIdentifier>{93995380-89BD-4b04-88EB-625FBE52EBFB}</UniqueIdentifier>
      <Extensions>h;hh;hpp;hxx;h++;hm;inl;inc;ipp;xsd</Extensions>
    </Filter>
    <Filter Include="Resource Files">
      <UniqueIdentifier>{67DA6AB6-F800-4c08-8B7A-83BB121AAD01}</UniqueIdentifier>
      <Extensions>rc;ico;cur;bmp;dlg;rc2;rct;bin;rgs;gif;jpg;jpeg;jpe;resx;tiff;tif;png;wav;mfcribbon-ms</Extensions>
    </Filter>
    <Filter Include="Source Files\Shaders">
      <UniqueIdentifier>{5b53f80e-26de-4aa9-b09e-423b97e2b6d5}</UniqueIdentifier>
    </Filter>
    <Filter Include="Resource Files\Meshes">
      <UniqueIdentifier>{530271d7-9dd3-4f40-82ff-3f5736cc81a7}</UniqueIdentifier>
    </Filter>
  </ItemGroup>
  <ItemGroup>
    <ClCompile Include="NebulaEngine.cpp">
      <Filter>Source Files</Filter>
    </ClCompile>
    <ClCompile Include="mesh.cpp">
      <Filter>Source Files</Filter>
    </ClCompile>
    <ClCompile Include="level.cpp">
      <Filter>Source Files</Filter>
    </ClCompile>
    <ClCompile Include="testlevel.cpp">
      <Filter>Source Files</Filter>
    </ClCompile>
    <ClCompile Include="helpers.cpp">
      <Filter>Source Files</Filter>
    </ClCompile>
    <ClCompile Include="camera.cpp">
      <Filter>Source Files</Filter>
    </ClCompile>
    <ClCompile Include="shader.cpp">
      <Filter>Source Files</Filter>
    </ClCompile>
    <ClCompile Include="mesh_loader.cpp">
      <Filter>Source Files</Filter>
    </ClCompile>
  </ItemGroup>
  <ItemGroup>
    <ClInclude Include="libs.h">
      <Filter>Header Files</Filter>
    </ClInclude>
    <ClInclude Include="structs.h">
      <Filter>Header Files</Filter>
    </ClInclude>
    <ClInclude Include="mesh.h">
      <Filter>Header Files</Filter>
    </ClInclude>
    <ClInclude Include="helpers.h">
      <Filter>Header Files</Filter>
    </ClInclude>
    <ClInclude Include="level.h">
      <Filter>Header Files</Filter>
    </ClInclude>
    <ClInclude Include="testlevel.h">
      <Filter>Header Files</Filter>
    </ClInclude>
    <ClInclude Include="camera.h">
      <Filter>Header Files</Filter>
    </ClInclude>
    <ClInclude Include="shader.h">
      <Filter>Header Files</Filter>
    </ClInclude>
    <ClInclude Include="transform.h">
      <Filter>Header Files</Filter>
    </ClInclude>
    <ClInclude Include="mesh_loader.h">
      <Filter>Header Files</Filter>
    </ClInclude>
  </ItemGroup>
  <ItemGroup>
    <None Include="Shaders\FragmentShader.glsl">
      <Filter>Source Files\Shaders</Filter>
    </None>
    <None Include="Shaders\VertexShader.glsl">
      <Filter>Source Files\Shaders</Filter>
    </None>
    <None Include="Shaders\FS_Grid.glsl">
      <Filter>Source Files\Shaders</Filter>
    </None>
    <None Include="Shaders\VS_Grid.glsl">
      <Filter>Source Files\Shaders</Filter>
    </None>
    <None Include="Shaders\FS_Phong.glsl">
      <Filter>Source Files\Shaders</Filter>
    </None>
    <None Include="Shaders\VS_Phong.glsl">
      <Filter>Source Files\Shaders</Filter>
    </None>
    <None Include="Shaders\FS_BaseColor.glsl">
      <Filter>Source Files\Shaders</Filter>
    </None>
    <None Include="Shaders\VS_BaseColor.glsl">
      <Filter>Source Files\Shaders</Filter>
    </None>
  </ItemGroup>
</Project>